
Microsoft Visual Studio Solution File, Format Version 12.00
# Visual Studio Version 16
VisualStudioVersion = 16.0.31911.196
MinimumVisualStudioVersion = 10.0.40219.1
Project("{FAE04EC0-301F-11D3-BF4B-00C04F79EFBC}") = "BaseConvertor", "BaseConvertor\BaseConvertor.csproj", "{33EB9501-78B0-4E8B-8F61-FF74735418F3}"
EndProject
Project("{FAE04EC0-301F-11D3-BF4B-00C04F79EFBC}") = "BaseConvertorConsole", "BaseConvertorConsole\BaseConvertorConsole.csproj", "{C93D35D7-03A6-4537-A241-7097F93841B4}"
EndProject
Global
	GlobalSection(SolutionConfigurationPlatforms) = preSolution
		Debug|Any CPU = Debug|Any CPU
		Release|Any CPU = Release|Any CPU
	EndGlobalSection
	GlobalSection(ProjectConfigurationPlatforms) = postSolution
		{33EB9501-78B0-4E8B-8F61-FF74735418F3}.Debug|Any CPU.ActiveCfg = Debug|Any CPU
		{33EB9501-78B0-4E8B-8F61-FF74735418F3}.Debug|Any CPU.Build.0 = Debug|Any CPU
		{33EB9501-78B0-4E8B-8F61-FF74735418F3}.Release|Any CPU.ActiveCfg = Release|Any CPU
		{33EB9501-78B0-4E8B-8F61-FF74735418F3}.Release|Any CPU.Build.0 = Release|Any CPU
		{C93D35D7-03A6-4537-A241-7097F93841B4}.Debug|Any CPU.ActiveCfg = Debug|Any CPU
		{C93D35D7-03A6-4537-A241-7097F93841B4}.Debug|Any CPU.Build.0 = Debug|Any CPU
		{C93D35D7-03A6-4537-A241-7097F93841B4}.Release|Any CPU.ActiveCfg = Release|Any CPU
		{C93D35D7-03A6-4537-A241-7097F93841B4}.Release|Any CPU.Build.0 = Release|Any CPU
	EndGlobalSection
	GlobalSection(SolutionProperties) = preSolution
		HideSolutionNode = FALSE
	EndGlobalSection
	GlobalSection(ExtensibilityGlobals) = postSolution
		SolutionGuid = {05DFE7EC-9AD4-4BAA-A95B-DF98B5479FED}
	EndGlobalSection
EndGlobal
